// !$*UTF8*$!
{
	archiveVersion = 1;
	classes = {
	};
	objectVersion = 50;
	objects = {

/* Begin PBXBuildFile section */
		8A0499DF24DB185300D2E748 /* animals.json in Resources */ = {isa = PBXBuildFile; fileRef = 8A0499DE24DB185300D2E748 /* animals.json */; };
		8A0499E124DBD7F500D2E748 /* SoundManager.swift in Sources */ = {isa = PBXBuildFile; fileRef = 8A0499E024DBD7F500D2E748 /* SoundManager.swift */; };
		8A39EB9724DEA2DF00F86F58 /* צב.mp3 in Resources */ = {isa = PBXBuildFile; fileRef = 8A39EB7524DEA2DF00F86F58 /* צב.mp3 */; };
		8A39EB9824DEA2DF00F86F58 /* טיגריס.mp3 in Resources */ = {isa = PBXBuildFile; fileRef = 8A39EB7624DEA2DF00F86F58 /* טיגריס.mp3 */; };
		8A39EB9924DEA2DF00F86F58 /* עצמות.mp3 in Resources */ = {isa = PBXBuildFile; fileRef = 8A39EB7724DEA2DF00F86F58 /* עצמות.mp3 */; };
		8A39EB9A24DEA2DF00F86F58 /* ארנב.mp3 in Resources */ = {isa = PBXBuildFile; fileRef = 8A39EB7824DEA2DF00F86F58 /* ארנב.mp3 */; };
		8A39EB9B24DEA2DF00F86F58 /* כלב.mp3 in Resources */ = {isa = PBXBuildFile; fileRef = 8A39EB7924DEA2DF00F86F58 /* כלב.mp3 */; };
		8A39EB9C24DEA2DF00F86F58 /* חציר.mp3 in Resources */ = {isa = PBXBuildFile; fileRef = 8A39EB7A24DEA2DF00F86F58 /* חציר.mp3 */; };
		8A39EB9D24DEA2DF00F86F58 /* דב נמלים.mp3 in Resources */ = {isa = PBXBuildFile; fileRef = 8A39EB7B24DEA2DF00F86F58 /* דב נמלים.mp3 */; };
		8A39EB9E24DEA2DF00F86F58 /* בננות.mp3 in Resources */ = {isa = PBXBuildFile; fileRef = 8A39EB7C24DEA2DF00F86F58 /* בננות.mp3 */; };
		8A39EB9F24DEA2DF00F86F58 /* דב פנדה.mp3 in Resources */ = {isa = PBXBuildFile; fileRef = 8A39EB7D24DEA2DF00F86F58 /* דב פנדה.mp3 */; };
		8A39EBA024DEA2DF00F86F58 /* פרפר.mp3 in Resources */ = {isa = PBXBuildFile; fileRef = 8A39EB7E24DEA2DF00F86F58 /* פרפר.mp3 */; };
		8A39EBA124DEA2DF00F86F58 /* במבוק.mp3 in Resources */ = {isa = PBXBuildFile; fileRef = 8A39EB7F24DEA2DF00F86F58 /* במבוק.mp3 */; };
		8A39EBA224DEA2DF00F86F58 /* קוף.mp3 in Resources */ = {isa = PBXBuildFile; fileRef = 8A39EB8024DEA2DF00F86F58 /* קוף.mp3 */; };
		8A39EBA324DEA2DF00F86F58 /* דבורה.mp3 in Resources */ = {isa = PBXBuildFile; fileRef = 8A39EB8124DEA2DF00F86F58 /* דבורה.mp3 */; };
		8A39EBA424DEA2DF00F86F58 /* חרקים.mp3 in Resources */ = {isa = PBXBuildFile; fileRef = 8A39EB8224DEA2DF00F86F58 /* חרקים.mp3 */; };
		8A39EBA524DEA2DF00F86F58 /* עז.mp3 in Resources */ = {isa = PBXBuildFile; fileRef = 8A39EB8324DEA2DF00F86F58 /* עז.mp3 */; };
		8A39EBA624DEA2DF00F86F58 /* סוס.mp3 in Resources */ = {isa = PBXBuildFile; fileRef = 8A39EB8424DEA2DF00F86F58 /* סוס.mp3 */; };
		8A39EBA724DEA2DF00F86F58 /* לויתן.mp3 in Resources */ = {isa = PBXBuildFile; fileRef = 8A39EB8524DEA2DF00F86F58 /* לויתן.mp3 */; };
		8A39EBA824DEA2DF00F86F58 /* בשר.mp3 in Resources */ = {isa = PBXBuildFile; fileRef = 8A39EB8624DEA2DF00F86F58 /* בשר.mp3 */; };
		8A39EBA924DEA2DF00F86F58 /* זרעים.mp3 in Resources */ = {isa = PBXBuildFile; fileRef = 8A39EB8724DEA2DF00F86F58 /* זרעים.mp3 */; };
		8A39EBAA24DEA2DF00F86F58 /* חלב.mp3 in Resources */ = {isa = PBXBuildFile; fileRef = 8A39EB8824DEA2DF00F86F58 /* חלב.mp3 */; };
		8A39EBAB24DEA2DF00F86F58 /* צפרדע.mp3 in Resources */ = {isa = PBXBuildFile; fileRef = 8A39EB8924DEA2DF00F86F58 /* צפרדע.mp3 */; };
		8A39EBAC24DEA2DF00F86F58 /* חסרי חוליות.mp3 in Resources */ = {isa = PBXBuildFile; fileRef = 8A39EB8A24DEA2DF00F86F58 /* חסרי חוליות.mp3 */; };
		8A39EBAD24DEA2DF00F86F58 /* תרנגול.mp3 in Resources */ = {isa = PBXBuildFile; fileRef = 8A39EB8B24DEA2DF00F86F58 /* תרנגול.mp3 */; };
		8A39EBAE24DEA2DF00F86F58 /* דגים.mp3 in Resources */ = {isa = PBXBuildFile; fileRef = 8A39EB8C24DEA2DF00F86F58 /* דגים.mp3 */; };
		8A39EBAF24DEA2DF00F86F58 /* עשב.mp3 in Resources */ = {isa = PBXBuildFile; fileRef = 8A39EB8D24DEA2DF00F86F58 /* עשב.mp3 */; };
		8A39EBB024DEA2DF00F86F58 /* צוף.mp3 in Resources */ = {isa = PBXBuildFile; fileRef = 8A39EB8E24DEA2DF00F86F58 /* צוף.mp3 */; };
		8A39EBB124DEA2DF00F86F58 /* חתול.mp3 in Resources */ = {isa = PBXBuildFile; fileRef = 8A39EB8F24DEA2DF00F86F58 /* חתול.mp3 */; };
		8A39EBB224DEA2DF00F86F58 /* אריה.mp3 in Resources */ = {isa = PBXBuildFile; fileRef = 8A39EB9024DEA2DF00F86F58 /* אריה.mp3 */; };
		8A39EBB324DEA2DF00F86F58 /* פרה.mp3 in Resources */ = {isa = PBXBuildFile; fileRef = 8A39EB9124DEA2DF00F86F58 /* פרה.mp3 */; };
		8A39EBB424DEA2DF00F86F58 /* לוטרה.mp3 in Resources */ = {isa = PBXBuildFile; fileRef = 8A39EB9224DEA2DF00F86F58 /* לוטרה.mp3 */; };
		8A39EBB524DEA2DF00F86F58 /* גזרים.mp3 in Resources */ = {isa = PBXBuildFile; fileRef = 8A39EB9324DEA2DF00F86F58 /* גזרים.mp3 */; };
		8A39EBB624DEA2DF00F86F58 /* סנאי.mp3 in Resources */ = {isa = PBXBuildFile; fileRef = 8A39EB9424DEA2DF00F86F58 /* סנאי.mp3 */; };
		8A39EBB724DEA2DF00F86F58 /* אגוזים.mp3 in Resources */ = {isa = PBXBuildFile; fileRef = 8A39EB9524DEA2DF00F86F58 /* אגוזים.mp3 */; };
		8A39EBB824DEA2DF00F86F58 /* נמלה.mp3 in Resources */ = {isa = PBXBuildFile; fileRef = 8A39EB9624DEA2DF00F86F58 /* נמלה.mp3 */; };
		8AAF52A924D7DB7B00FBF23D /* PopupAnswerView.swift in Sources */ = {isa = PBXBuildFile; fileRef = 8AAF52A824D7DB7B00FBF23D /* PopupAnswerView.swift */; };
		8AAF52AB24D7DB8600FBF23D /* PopupAnswerView.xib in Resources */ = {isa = PBXBuildFile; fileRef = 8AAF52AA24D7DB8600FBF23D /* PopupAnswerView.xib */; };
		8AAF52AE24D7F9EC00FBF23D /* AlertViewController.swift in Sources */ = {isa = PBXBuildFile; fileRef = 8AAF52AC24D7F9EC00FBF23D /* AlertViewController.swift */; };
		8AD9F3CE24D61DF60097D88B /* AppDelegate.swift in Sources */ = {isa = PBXBuildFile; fileRef = 8AD9F3CD24D61DF60097D88B /* AppDelegate.swift */; };
		8AD9F3D024D61DF60097D88B /* SceneDelegate.swift in Sources */ = {isa = PBXBuildFile; fileRef = 8AD9F3CF24D61DF60097D88B /* SceneDelegate.swift */; };
		8AD9F3D224D61DF60097D88B /* ViewController.swift in Sources */ = {isa = PBXBuildFile; fileRef = 8AD9F3D124D61DF60097D88B /* ViewController.swift */; };
		8AD9F3D524D61DF60097D88B /* Main.storyboard in Resources */ = {isa = PBXBuildFile; fileRef = 8AD9F3D324D61DF60097D88B /* Main.storyboard */; };
		8AD9F3D724D61DF80097D88B /* Assets.xcassets in Resources */ = {isa = PBXBuildFile; fileRef = 8AD9F3D624D61DF80097D88B /* Assets.xcassets */; };
		8AD9F3DA24D61DF80097D88B /* LaunchScreen.storyboard in Resources */ = {isa = PBXBuildFile; fileRef = 8AD9F3D824D61DF80097D88B /* LaunchScreen.storyboard */; };
		8AD9F3E224D68D200097D88B /* Color+Extension.swift in Sources */ = {isa = PBXBuildFile; fileRef = 8AD9F3E124D68D200097D88B /* Color+Extension.swift */; };
		8AD9F3E424D68E680097D88B /* RoundedButton.swift in Sources */ = {isa = PBXBuildFile; fileRef = 8AD9F3E324D68E680097D88B /* RoundedButton.swift */; };
		8AD9F3E824D6AD5B0097D88B /* Application.swift in Sources */ = {isa = PBXBuildFile; fileRef = 8AD9F3E724D6AD5B0097D88B /* Application.swift */; };
		8AD9F3EA24D6B5240097D88B /* Animals.swift in Sources */ = {isa = PBXBuildFile; fileRef = 8AD9F3E924D6B5240097D88B /* Animals.swift */; };
/* End PBXBuildFile section */

/* Begin PBXFileReference section */
		8A0499DE24DB185300D2E748 /* animals.json */ = {isa = PBXFileReference; lastKnownFileType = text.json; path = animals.json; sourceTree = "<group>"; };
		8A0499E024DBD7F500D2E748 /* SoundManager.swift */ = {isa = PBXFileReference; lastKnownFileType = sourcecode.swift; path = SoundManager.swift; sourceTree = "<group>"; };
		8A39EB7524DEA2DF00F86F58 /* צב.mp3 */ = {isa = PBXFileReference; lastKnownFileType = audio.mp3; path = "צב.mp3"; sourceTree = "<group>"; };
		8A39EB7624DEA2DF00F86F58 /* טיגריס.mp3 */ = {isa = PBXFileReference; lastKnownFileType = audio.mp3; path = "טיגריס.mp3"; sourceTree = "<group>"; };
		8A39EB7724DEA2DF00F86F58 /* עצמות.mp3 */ = {isa = PBXFileReference; lastKnownFileType = audio.mp3; path = "עצמות.mp3"; sourceTree = "<group>"; };
		8A39EB7824DEA2DF00F86F58 /* ארנב.mp3 */ = {isa = PBXFileReference; lastKnownFileType = audio.mp3; path = "ארנב.mp3"; sourceTree = "<group>"; };
		8A39EB7924DEA2DF00F86F58 /* כלב.mp3 */ = {isa = PBXFileReference; lastKnownFileType = audio.mp3; path = "כלב.mp3"; sourceTree = "<group>"; };
		8A39EB7A24DEA2DF00F86F58 /* חציר.mp3 */ = {isa = PBXFileReference; lastKnownFileType = audio.mp3; path = "חציר.mp3"; sourceTree = "<group>"; };
		8A39EB7B24DEA2DF00F86F58 /* דב נמלים.mp3 */ = {isa = PBXFileReference; lastKnownFileType = audio.mp3; path = "דב נמלים.mp3"; sourceTree = "<group>"; };
		8A39EB7C24DEA2DF00F86F58 /* בננות.mp3 */ = {isa = PBXFileReference; lastKnownFileType = audio.mp3; path = "בננות.mp3"; sourceTree = "<group>"; };
		8A39EB7D24DEA2DF00F86F58 /* דב פנדה.mp3 */ = {isa = PBXFileReference; lastKnownFileType = audio.mp3; path = "דב פנדה.mp3"; sourceTree = "<group>"; };
		8A39EB7E24DEA2DF00F86F58 /* פרפר.mp3 */ = {isa = PBXFileReference; lastKnownFileType = audio.mp3; path = "פרפר.mp3"; sourceTree = "<group>"; };
		8A39EB7F24DEA2DF00F86F58 /* במבוק.mp3 */ = {isa = PBXFileReference; lastKnownFileType = audio.mp3; path = "במבוק.mp3"; sourceTree = "<group>"; };
		8A39EB8024DEA2DF00F86F58 /* קוף.mp3 */ = {isa = PBXFileReference; lastKnownFileType = audio.mp3; path = "קוף.mp3"; sourceTree = "<group>"; };
		8A39EB8124DEA2DF00F86F58 /* דבורה.mp3 */ = {isa = PBXFileReference; lastKnownFileType = audio.mp3; path = "דבורה.mp3"; sourceTree = "<group>"; };
		8A39EB8224DEA2DF00F86F58 /* חרקים.mp3 */ = {isa = PBXFileReference; lastKnownFileType = audio.mp3; path = "חרקים.mp3"; sourceTree = "<group>"; };
		8A39EB8324DEA2DF00F86F58 /* עז.mp3 */ = {isa = PBXFileReference; lastKnownFileType = audio.mp3; path = "עז.mp3"; sourceTree = "<group>"; };
		8A39EB8424DEA2DF00F86F58 /* סוס.mp3 */ = {isa = PBXFileReference; lastKnownFileType = audio.mp3; path = "סוס.mp3"; sourceTree = "<group>"; };
		8A39EB8524DEA2DF00F86F58 /* לויתן.mp3 */ = {isa = PBXFileReference; lastKnownFileType = audio.mp3; path = "לויתן.mp3"; sourceTree = "<group>"; };
		8A39EB8624DEA2DF00F86F58 /* בשר.mp3 */ = {isa = PBXFileReference; lastKnownFileType = audio.mp3; path = "בשר.mp3"; sourceTree = "<group>"; };
		8A39EB8724DEA2DF00F86F58 /* זרעים.mp3 */ = {isa = PBXFileReference; lastKnownFileType = audio.mp3; path = "זרעים.mp3"; sourceTree = "<group>"; };
		8A39EB8824DEA2DF00F86F58 /* חלב.mp3 */ = {isa = PBXFileReference; lastKnownFileType = audio.mp3; path = "חלב.mp3"; sourceTree = "<group>"; };
		8A39EB8924DEA2DF00F86F58 /* צפרדע.mp3 */ = {isa = PBXFileReference; lastKnownFileType = audio.mp3; path = "צפרדע.mp3"; sourceTree = "<group>"; };
		8A39EB8A24DEA2DF00F86F58 /* חסרי חוליות.mp3 */ = {isa = PBXFileReference; lastKnownFileType = audio.mp3; path = "חסרי חוליות.mp3"; sourceTree = "<group>"; };
		8A39EB8B24DEA2DF00F86F58 /* תרנגול.mp3 */ = {isa = PBXFileReference; lastKnownFileType = audio.mp3; path = "תרנגול.mp3"; sourceTree = "<group>"; };
		8A39EB8C24DEA2DF00F86F58 /* דגים.mp3 */ = {isa = PBXFileReference; lastKnownFileType = audio.mp3; path = "דגים.mp3"; sourceTree = "<group>"; };
		8A39EB8D24DEA2DF00F86F58 /* עשב.mp3 */ = {isa = PBXFileReference; lastKnownFileType = audio.mp3; path = "עשב.mp3"; sourceTree = "<group>"; };
		8A39EB8E24DEA2DF00F86F58 /* צוף.mp3 */ = {isa = PBXFileReference; lastKnownFileType = audio.mp3; path = "צוף.mp3"; sourceTree = "<group>"; };
		8A39EB8F24DEA2DF00F86F58 /* חתול.mp3 */ = {isa = PBXFileReference; lastKnownFileType = audio.mp3; path = "חתול.mp3"; sourceTree = "<group>"; };
		8A39EB9024DEA2DF00F86F58 /* אריה.mp3 */ = {isa = PBXFileReference; lastKnownFileType = audio.mp3; path = "אריה.mp3"; sourceTree = "<group>"; };
		8A39EB9124DEA2DF00F86F58 /* פרה.mp3 */ = {isa = PBXFileReference; lastKnownFileType = audio.mp3; path = "פרה.mp3"; sourceTree = "<group>"; };
		8A39EB9224DEA2DF00F86F58 /* לוטרה.mp3 */ = {isa = PBXFileReference; lastKnownFileType = audio.mp3; path = "לוטרה.mp3"; sourceTree = "<group>"; };
		8A39EB9324DEA2DF00F86F58 /* גזרים.mp3 */ = {isa = PBXFileReference; lastKnownFileType = audio.mp3; path = "גזרים.mp3"; sourceTree = "<group>"; };
		8A39EB9424DEA2DF00F86F58 /* סנאי.mp3 */ = {isa = PBXFileReference; lastKnownFileType = audio.mp3; path = "סנאי.mp3"; sourceTree = "<group>"; };
		8A39EB9524DEA2DF00F86F58 /* אגוזים.mp3 */ = {isa = PBXFileReference; lastKnownFileType = audio.mp3; path = "אגוזים.mp3"; sourceTree = "<group>"; };
		8A39EB9624DEA2DF00F86F58 /* נמלה.mp3 */ = {isa = PBXFileReference; lastKnownFileType = audio.mp3; path = "נמלה.mp3"; sourceTree = "<group>"; };
		8AAF52A824D7DB7B00FBF23D /* PopupAnswerView.swift */ = {isa = PBXFileReference; lastKnownFileType = sourcecode.swift; path = PopupAnswerView.swift; sourceTree = "<group>"; };
		8AAF52AA24D7DB8600FBF23D /* PopupAnswerView.xib */ = {isa = PBXFileReference; lastKnownFileType = file.xib; path = PopupAnswerView.xib; sourceTree = "<group>"; };
		8AAF52AC24D7F9EC00FBF23D /* AlertViewController.swift */ = {isa = PBXFileReference; lastKnownFileType = sourcecode.swift; path = AlertViewController.swift; sourceTree = "<group>"; };
		8AD9F3CA24D61DF60097D88B /* מה אני אוכל.app */ = {isa = PBXFileReference; explicitFileType = wrapper.application; includeInIndex = 0; path = "מה אני אוכל.app"; sourceTree = BUILT_PRODUCTS_DIR; };
		8AD9F3CD24D61DF60097D88B /* AppDelegate.swift */ = {isa = PBXFileReference; lastKnownFileType = sourcecode.swift; path = AppDelegate.swift; sourceTree = "<group>"; };
		8AD9F3CF24D61DF60097D88B /* SceneDelegate.swift */ = {isa = PBXFileReference; lastKnownFileType = sourcecode.swift; path = SceneDelegate.swift; sourceTree = "<group>"; };
		8AD9F3D124D61DF60097D88B /* ViewController.swift */ = {isa = PBXFileReference; lastKnownFileType = sourcecode.swift; path = ViewController.swift; sourceTree = "<group>"; };
		8AD9F3D424D61DF60097D88B /* Base */ = {isa = PBXFileReference; lastKnownFileType = file.storyboard; name = Base; path = Base.lproj/Main.storyboard; sourceTree = "<group>"; };
		8AD9F3D624D61DF80097D88B /* Assets.xcassets */ = {isa = PBXFileReference; lastKnownFileType = folder.assetcatalog; path = Assets.xcassets; sourceTree = "<group>"; };
		8AD9F3D924D61DF80097D88B /* Base */ = {isa = PBXFileReference; lastKnownFileType = file.storyboard; name = Base; path = Base.lproj/LaunchScreen.storyboard; sourceTree = "<group>"; };
		8AD9F3DB24D61DF80097D88B /* Info.plist */ = {isa = PBXFileReference; lastKnownFileType = text.plist.xml; path = Info.plist; sourceTree = "<group>"; };
		8AD9F3E124D68D200097D88B /* Color+Extension.swift */ = {isa = PBXFileReference; lastKnownFileType = sourcecode.swift; path = "Color+Extension.swift"; sourceTree = "<group>"; };
		8AD9F3E324D68E680097D88B /* RoundedButton.swift */ = {isa = PBXFileReference; lastKnownFileType = sourcecode.swift; path = RoundedButton.swift; sourceTree = "<group>"; };
		8AD9F3E724D6AD5B0097D88B /* Application.swift */ = {isa = PBXFileReference; lastKnownFileType = sourcecode.swift; path = Application.swift; sourceTree = "<group>"; };
		8AD9F3E924D6B5240097D88B /* Animals.swift */ = {isa = PBXFileReference; lastKnownFileType = sourcecode.swift; path = Animals.swift; sourceTree = "<group>"; };
/* End PBXFileReference section */

/* Begin PBXFrameworksBuildPhase section */
		8AD9F3C724D61DF60097D88B /* Frameworks */ = {
			isa = PBXFrameworksBuildPhase;
			buildActionMask = 2147483647;
			files = (
			);
			runOnlyForDeploymentPostprocessing = 0;
		};
/* End PBXFrameworksBuildPhase section */

/* Begin PBXGroup section */
		8A39EB7424DEA2DF00F86F58 /* Sounds */ = {
			isa = PBXGroup;
			children = (
				8A39EB7524DEA2DF00F86F58 /* צב.mp3 */,
				8A39EB7624DEA2DF00F86F58 /* טיגריס.mp3 */,
				8A39EB7724DEA2DF00F86F58 /* עצמות.mp3 */,
				8A39EB7824DEA2DF00F86F58 /* ארנב.mp3 */,
				8A39EB7924DEA2DF00F86F58 /* כלב.mp3 */,
				8A39EB7A24DEA2DF00F86F58 /* חציר.mp3 */,
				8A39EB7B24DEA2DF00F86F58 /* דב נמלים.mp3 */,
				8A39EB7C24DEA2DF00F86F58 /* בננות.mp3 */,
				8A39EB7D24DEA2DF00F86F58 /* דב פנדה.mp3 */,
				8A39EB7E24DEA2DF00F86F58 /* פרפר.mp3 */,
				8A39EB7F24DEA2DF00F86F58 /* במבוק.mp3 */,
				8A39EB8024DEA2DF00F86F58 /* קוף.mp3 */,
				8A39EB8124DEA2DF00F86F58 /* דבורה.mp3 */,
				8A39EB8224DEA2DF00F86F58 /* חרקים.mp3 */,
				8A39EB8324DEA2DF00F86F58 /* עז.mp3 */,
				8A39EB8424DEA2DF00F86F58 /* סוס.mp3 */,
				8A39EB8524DEA2DF00F86F58 /* לויתן.mp3 */,
				8A39EB8624DEA2DF00F86F58 /* בשר.mp3 */,
				8A39EB8724DEA2DF00F86F58 /* זרעים.mp3 */,
				8A39EB8824DEA2DF00F86F58 /* חלב.mp3 */,
				8A39EB8924DEA2DF00F86F58 /* צפרדע.mp3 */,
				8A39EB8A24DEA2DF00F86F58 /* חסרי חוליות.mp3 */,
				8A39EB8B24DEA2DF00F86F58 /* תרנגול.mp3 */,
				8A39EB8C24DEA2DF00F86F58 /* דגים.mp3 */,
				8A39EB8D24DEA2DF00F86F58 /* עשב.mp3 */,
				8A39EB8E24DEA2DF00F86F58 /* צוף.mp3 */,
				8A39EB8F24DEA2DF00F86F58 /* חתול.mp3 */,
				8A39EB9024DEA2DF00F86F58 /* אריה.mp3 */,
				8A39EB9124DEA2DF00F86F58 /* פרה.mp3 */,
				8A39EB9224DEA2DF00F86F58 /* לוטרה.mp3 */,
				8A39EB9324DEA2DF00F86F58 /* גזרים.mp3 */,
				8A39EB9424DEA2DF00F86F58 /* סנאי.mp3 */,
				8A39EB9524DEA2DF00F86F58 /* אגוזים.mp3 */,
				8A39EB9624DEA2DF00F86F58 /* נמלה.mp3 */,
			);
			path = Sounds;
			sourceTree = "<group>";
		};
		8AD9F3C124D61DF60097D88B = {
			isa = PBXGroup;
			children = (
				8AD9F3CC24D61DF60097D88B /* Animal Food */,
				8AD9F3CB24D61DF60097D88B /* Products */,
			);
			sourceTree = "<group>";
		};
		8AD9F3CB24D61DF60097D88B /* Products */ = {
			isa = PBXGroup;
			children = (
				8AD9F3CA24D61DF60097D88B /* מה אני אוכל.app */,
			);
			name = Products;
			sourceTree = "<group>";
		};
		8AD9F3CC24D61DF60097D88B /* Animal Food */ = {
			isa = PBXGroup;
			children = (
				8AD9F3E724D6AD5B0097D88B /* Application.swift */,
				8A0499DE24DB185300D2E748 /* animals.json */,
				8AD9F3E924D6B5240097D88B /* Animals.swift */,
				8AD9F3CD24D61DF60097D88B /* AppDelegate.swift */,
				8AD9F3CF24D61DF60097D88B /* SceneDelegate.swift */,
				8AD9F3D124D61DF60097D88B /* ViewController.swift */,
				8AD9F3E124D68D200097D88B /* Color+Extension.swift */,
				8AD9F3E324D68E680097D88B /* RoundedButton.swift */,
				8AAF52A824D7DB7B00FBF23D /* PopupAnswerView.swift */,
				8AAF52AA24D7DB8600FBF23D /* PopupAnswerView.xib */,
				8AD9F3D324D61DF60097D88B /* Main.storyboard */,
				8AAF52AC24D7F9EC00FBF23D /* AlertViewController.swift */,
				8A0499E024DBD7F500D2E748 /* SoundManager.swift */,
				8AD9F3D624D61DF80097D88B /* Assets.xcassets */,
				8AD9F3D824D61DF80097D88B /* LaunchScreen.storyboard */,
				8AD9F3DB24D61DF80097D88B /* Info.plist */,
				8A39EB7424DEA2DF00F86F58 /* Sounds */,
			);
			path = "Animal Food";
			sourceTree = "<group>";
		};
/* End PBXGroup section */

/* Begin PBXNativeTarget section */
		8AD9F3C924D61DF60097D88B /* Animal Food */ = {
			isa = PBXNativeTarget;
			buildConfigurationList = 8AD9F3DE24D61DF80097D88B /* Build configuration list for PBXNativeTarget "Animal Food" */;
			buildPhases = (
				8AD9F3C624D61DF60097D88B /* Sources */,
				8AD9F3C724D61DF60097D88B /* Frameworks */,
				8AD9F3C824D61DF60097D88B /* Resources */,
			);
			buildRules = (
			);
			dependencies = (
			);
			name = "Animal Food";
			productName = "Animal Food";
			productReference = 8AD9F3CA24D61DF60097D88B /* מה אני אוכל.app */;
			productType = "com.apple.product-type.application";
		};
/* End PBXNativeTarget section */

/* Begin PBXProject section */
		8AD9F3C224D61DF60097D88B /* Project object */ = {
			isa = PBXProject;
			attributes = {
				LastSwiftUpdateCheck = 1160;
				LastUpgradeCheck = 1160;
				ORGANIZATIONNAME = "Idan Moshe";
				TargetAttributes = {
					8AD9F3C924D61DF60097D88B = {
						CreatedOnToolsVersion = 11.6;
					};
				};
			};
			buildConfigurationList = 8AD9F3C524D61DF60097D88B /* Build configuration list for PBXProject "Animal Food" */;
			compatibilityVersion = "Xcode 9.3";
			developmentRegion = en;
			hasScannedForEncodings = 0;
			knownRegions = (
				en,
				Base,
			);
			mainGroup = 8AD9F3C124D61DF60097D88B;
			productRefGroup = 8AD9F3CB24D61DF60097D88B /* Products */;
			projectDirPath = "";
			projectRoot = "";
			targets = (
				8AD9F3C924D61DF60097D88B /* Animal Food */,
			);
		};
/* End PBXProject section */

/* Begin PBXResourcesBuildPhase section */
		8AD9F3C824D61DF60097D88B /* Resources */ = {
			isa = PBXResourcesBuildPhase;
			buildActionMask = 2147483647;
			files = (
				8A39EBA524DEA2DF00F86F58 /* עז.mp3 in Resources */,
				8A39EBAE24DEA2DF00F86F58 /* דגים.mp3 in Resources */,
				8A0499DF24DB185300D2E748 /* animals.json in Resources */,
				8A39EBAB24DEA2DF00F86F58 /* צפרדע.mp3 in Resources */,
				8A39EBAA24DEA2DF00F86F58 /* חלב.mp3 in Resources */,
				8A39EBA224DEA2DF00F86F58 /* קוף.mp3 in Resources */,
				8A39EBAD24DEA2DF00F86F58 /* תרנגול.mp3 in Resources */,
				8A39EBA424DEA2DF00F86F58 /* חרקים.mp3 in Resources */,
				8A39EB9C24DEA2DF00F86F58 /* חציר.mp3 in Resources */,
				8A39EBA924DEA2DF00F86F58 /* זרעים.mp3 in Resources */,
				8A39EB9D24DEA2DF00F86F58 /* דב נמלים.mp3 in Resources */,
				8A39EBA724DEA2DF00F86F58 /* לויתן.mp3 in Resources */,
				8A39EBA124DEA2DF00F86F58 /* במבוק.mp3 in Resources */,
				8A39EB9B24DEA2DF00F86F58 /* כלב.mp3 in Resources */,
				8A39EBA324DEA2DF00F86F58 /* דבורה.mp3 in Resources */,
				8A39EBB824DEA2DF00F86F58 /* נמלה.mp3 in Resources */,
				8A39EB9E24DEA2DF00F86F58 /* בננות.mp3 in Resources */,
				8A39EBAC24DEA2DF00F86F58 /* חסרי חוליות.mp3 in Resources */,
				8A39EBB524DEA2DF00F86F58 /* גזרים.mp3 in Resources */,
				8A39EBB624DEA2DF00F86F58 /* סנאי.mp3 in Resources */,
				8AD9F3DA24D61DF80097D88B /* LaunchScreen.storyboard in Resources */,
				8A39EBB224DEA2DF00F86F58 /* אריה.mp3 in Resources */,
				8A39EB9F24DEA2DF00F86F58 /* דב פנדה.mp3 in Resources */,
				8AD9F3D724D61DF80097D88B /* Assets.xcassets in Resources */,
				8A39EB9724DEA2DF00F86F58 /* צב.mp3 in Resources */,
				8A39EBA024DEA2DF00F86F58 /* פרפר.mp3 in Resources */,
				8A39EBA624DEA2DF00F86F58 /* סוס.mp3 in Resources */,
				8A39EB9924DEA2DF00F86F58 /* עצמות.mp3 in Resources */,
				8A39EBB724DEA2DF00F86F58 /* אגוזים.mp3 in Resources */,
				8A39EBB124DEA2DF00F86F58 /* חתול.mp3 in Resources */,
				8AD9F3D524D61DF60097D88B /* Main.storyboard in Resources */,
				8A39EBB324DEA2DF00F86F58 /* פרה.mp3 in Resources */,
				8A39EBB024DEA2DF00F86F58 /* צוף.mp3 in Resources */,
				8A39EBB424DEA2DF00F86F58 /* לוטרה.mp3 in Resources */,
				8A39EB9A24DEA2DF00F86F58 /* ארנב.mp3 in Resources */,
				8A39EBA824DEA2DF00F86F58 /* בשר.mp3 in Resources */,
				8A39EBAF24DEA2DF00F86F58 /* עשב.mp3 in Resources */,
				8AAF52AB24D7DB8600FBF23D /* PopupAnswerView.xib in Resources */,
				8A39EB9824DEA2DF00F86F58 /* טיגריס.mp3 in Resources */,
			);
			runOnlyForDeploymentPostprocessing = 0;
		};
/* End PBXResourcesBuildPhase section */

/* Begin PBXSourcesBuildPhase section */
		8AD9F3C624D61DF60097D88B /* Sources */ = {
			isa = PBXSourcesBuildPhase;
			buildActionMask = 2147483647;
			files = (
				8AD9F3E824D6AD5B0097D88B /* Application.swift in Sources */,
				8AD9F3D224D61DF60097D88B /* ViewController.swift in Sources */,
				8AD9F3E424D68E680097D88B /* RoundedButton.swift in Sources */,
				8AD9F3CE24D61DF60097D88B /* AppDelegate.swift in Sources */,
				8AAF52AE24D7F9EC00FBF23D /* AlertViewController.swift in Sources */,
				8AD9F3D024D61DF60097D88B /* SceneDelegate.swift in Sources */,
				8AD9F3E224D68D200097D88B /* Color+Extension.swift in Sources */,
				8AD9F3EA24D6B5240097D88B /* Animals.swift in Sources */,
				8AAF52A924D7DB7B00FBF23D /* PopupAnswerView.swift in Sources */,
				8A0499E124DBD7F500D2E748 /* SoundManager.swift in Sources */,
			);
			runOnlyForDeploymentPostprocessing = 0;
		};
/* End PBXSourcesBuildPhase section */

/* Begin PBXVariantGroup section */
		8AD9F3D324D61DF60097D88B /* Main.storyboard */ = {
			isa = PBXVariantGroup;
			children = (
				8AD9F3D424D61DF60097D88B /* Base */,
			);
			name = Main.storyboard;
			sourceTree = "<group>";
		};
		8AD9F3D824D61DF80097D88B /* LaunchScreen.storyboard */ = {
			isa = PBXVariantGroup;
			children = (
				8AD9F3D924D61DF80097D88B /* Base */,
			);
			name = LaunchScreen.storyboard;
			sourceTree = "<group>";
		};
/* End PBXVariantGroup section */

/* Begin XCBuildConfiguration section */
		8AD9F3DC24D61DF80097D88B /* Debug */ = {
			isa = XCBuildConfiguration;
			buildSettings = {
				ALWAYS_SEARCH_USER_PATHS = NO;
				CLANG_ANALYZER_NONNULL = YES;
				CLANG_ANALYZER_NUMBER_OBJECT_CONVERSION = YES_AGGRESSIVE;
				CLANG_CXX_LANGUAGE_STANDARD = "gnu++14";
				CLANG_CXX_LIBRARY = "libc++";
				CLANG_ENABLE_MODULES = YES;
				CLANG_ENABLE_OBJC_ARC = YES;
				CLANG_ENABLE_OBJC_WEAK = YES;
				CLANG_WARN_BLOCK_CAPTURE_AUTORELEASING = YES;
				CLANG_WARN_BOOL_CONVERSION = YES;
				CLANG_WARN_COMMA = YES;
				CLANG_WARN_CONSTANT_CONVERSION = YES;
				CLANG_WARN_DEPRECATED_OBJC_IMPLEMENTATIONS = YES;
				CLANG_WARN_DIRECT_OBJC_ISA_USAGE = YES_ERROR;
				CLANG_WARN_DOCUMENTATION_COMMENTS = YES;
				CLANG_WARN_EMPTY_BODY = YES;
				CLANG_WARN_ENUM_CONVERSION = YES;
				CLANG_WARN_INFINITE_RECURSION = YES;
				CLANG_WARN_INT_CONVERSION = YES;
				CLANG_WARN_NON_LITERAL_NULL_CONVERSION = YES;
				CLANG_WARN_OBJC_IMPLICIT_RETAIN_SELF = YES;
				CLANG_WARN_OBJC_LITERAL_CONVERSION = YES;
				CLANG_WARN_OBJC_ROOT_CLASS = YES_ERROR;
				CLANG_WARN_RANGE_LOOP_ANALYSIS = YES;
				CLANG_WARN_STRICT_PROTOTYPES = YES;
				CLANG_WARN_SUSPICIOUS_MOVE = YES;
				CLANG_WARN_UNGUARDED_AVAILABILITY = YES_AGGRESSIVE;
				CLANG_WARN_UNREACHABLE_CODE = YES;
				CLANG_WARN__DUPLICATE_METHOD_MATCH = YES;
				COPY_PHASE_STRIP = NO;
				DEBUG_INFORMATION_FORMAT = dwarf;
				ENABLE_STRICT_OBJC_MSGSEND = YES;
				ENABLE_TESTABILITY = YES;
				GCC_C_LANGUAGE_STANDARD = gnu11;
				GCC_DYNAMIC_NO_PIC = NO;
				GCC_NO_COMMON_BLOCKS = YES;
				GCC_OPTIMIZATION_LEVEL = 0;
				GCC_PREPROCESSOR_DEFINITIONS = (
					"DEBUG=1",
					"$(inherited)",
				);
				GCC_WARN_64_TO_32_BIT_CONVERSION = YES;
				GCC_WARN_ABOUT_RETURN_TYPE = YES_ERROR;
				GCC_WARN_UNDECLARED_SELECTOR = YES;
				GCC_WARN_UNINITIALIZED_AUTOS = YES_AGGRESSIVE;
				GCC_WARN_UNUSED_FUNCTION = YES;
				GCC_WARN_UNUSED_VARIABLE = YES;
				IPHONEOS_DEPLOYMENT_TARGET = 13.0;
				MTL_ENABLE_DEBUG_INFO = INCLUDE_SOURCE;
				MTL_FAST_MATH = YES;
				ONLY_ACTIVE_ARCH = YES;
				SDKROOT = iphoneos;
				SWIFT_ACTIVE_COMPILATION_CONDITIONS = DEBUG;
				SWIFT_OPTIMIZATION_LEVEL = "-Onone";
			};
			name = Debug;
		};
		8AD9F3DD24D61DF80097D88B /* Release */ = {
			isa = XCBuildConfiguration;
			buildSettings = {
				ALWAYS_SEARCH_USER_PATHS = NO;
				CLANG_ANALYZER_NONNULL = YES;
				CLANG_ANALYZER_NUMBER_OBJECT_CONVERSION = YES_AGGRESSIVE;
				CLANG_CXX_LANGUAGE_STANDARD = "gnu++14";
				CLANG_CXX_LIBRARY = "libc++";
				CLANG_ENABLE_MODULES = YES;
				CLANG_ENABLE_OBJC_ARC = YES;
				CLANG_ENABLE_OBJC_WEAK = YES;
				CLANG_WARN_BLOCK_CAPTURE_AUTORELEASING = YES;
				CLANG_WARN_BOOL_CONVERSION = YES;
				CLANG_WARN_COMMA = YES;
				CLANG_WARN_CONSTANT_CONVERSION = YES;
				CLANG_WARN_DEPRECATED_OBJC_IMPLEMENTATIONS = YES;
				CLANG_WARN_DIRECT_OBJC_ISA_USAGE = YES_ERROR;
				CLANG_WARN_DOCUMENTATION_COMMENTS = YES;
				CLANG_WARN_EMPTY_BODY = YES;
				CLANG_WARN_ENUM_CONVERSION = YES;
				CLANG_WARN_INFINITE_RECURSION = YES;
				CLANG_WARN_INT_CONVERSION = YES;
				CLANG_WARN_NON_LITERAL_NULL_CONVERSION = YES;
				CLANG_WARN_OBJC_IMPLICIT_RETAIN_SELF = YES;
				CLANG_WARN_OBJC_LITERAL_CONVERSION = YES;
				CLANG_WARN_OBJC_ROOT_CLASS = YES_ERROR;
				CLANG_WARN_RANGE_LOOP_ANALYSIS = YES;
				CLANG_WARN_STRICT_PROTOTYPES = YES;
				CLANG_WARN_SUSPICIOUS_MOVE = YES;
				CLANG_WARN_UNGUARDED_AVAILABILITY = YES_AGGRESSIVE;
				CLANG_WARN_UNREACHABLE_CODE = YES;
				CLANG_WARN__DUPLICATE_METHOD_MATCH = YES;
				COPY_PHASE_STRIP = NO;
				DEBUG_INFORMATION_FORMAT = "dwarf-with-dsym";
				ENABLE_NS_ASSERTIONS = NO;
				ENABLE_STRICT_OBJC_MSGSEND = YES;
				GCC_C_LANGUAGE_STANDARD = gnu11;
				GCC_NO_COMMON_BLOCKS = YES;
				GCC_WARN_64_TO_32_BIT_CONVERSION = YES;
				GCC_WARN_ABOUT_RETURN_TYPE = YES_ERROR;
				GCC_WARN_UNDECLARED_SELECTOR = YES;
				GCC_WARN_UNINITIALIZED_AUTOS = YES_AGGRESSIVE;
				GCC_WARN_UNUSED_FUNCTION = YES;
				GCC_WARN_UNUSED_VARIABLE = YES;
				IPHONEOS_DEPLOYMENT_TARGET = 13.0;
				MTL_ENABLE_DEBUG_INFO = NO;
				MTL_FAST_MATH = YES;
				SDKROOT = iphoneos;
				SWIFT_COMPILATION_MODE = wholemodule;
				SWIFT_OPTIMIZATION_LEVEL = "-O";
				VALIDATE_PRODUCT = YES;
			};
			name = Release;
		};
		8AD9F3DF24D61DF80097D88B /* Debug */ = {
			isa = XCBuildConfiguration;
			buildSettings = {
				ASSETCATALOG_COMPILER_APPICON_NAME = AppIcon;
				CODE_SIGN_STYLE = Automatic;
				CURRENT_PROJECT_VERSION = 1.0;
				DEVELOPMENT_TEAM = N3N3LX399B;
				INFOPLIST_FILE = "Animal Food/Info.plist";
				IPHONEOS_DEPLOYMENT_TARGET = 13.0;
				LD_RUNPATH_SEARCH_PATHS = (
					"$(inherited)",
					"@executable_path/Frameworks",
				);
				MARKETING_VERSION = 1.1;
				PRODUCT_BUNDLE_IDENTIFIER = "com.idanmoshe.Animal-Food";
				PRODUCT_NAME = "מה אני אוכל";
				SWIFT_VERSION = 5.0;
				TARGETED_DEVICE_FAMILY = "1,2";
			};
			name = Debug;
		};
		8AD9F3E024D61DF80097D88B /* Release */ = {
			isa = XCBuildConfiguration;
			buildSettings = {
				ASSETCATALOG_COMPILER_APPICON_NAME = AppIcon;
				CODE_SIGN_STYLE = Automatic;
				CURRENT_PROJECT_VERSION = 1.0;
				DEVELOPMENT_TEAM = N3N3LX399B;
				INFOPLIST_FILE = "Animal Food/Info.plist";
				IPHONEOS_DEPLOYMENT_TARGET = 13.0;
				LD_RUNPATH_SEARCH_PATHS = (
					"$(inherited)",
					"@executable_path/Frameworks",
				);
				MARKETING_VERSION = 1.1;
				PRODUCT_BUNDLE_IDENTIFIER = "com.idanmoshe.Animal-Food";
				PRODUCT_NAME = "מה אני אוכל";
				SWIFT_VERSION = 5.0;
				TARGETED_DEVICE_FAMILY = "1,2";
			};
			name = Release;
		};
/* End XCBuildConfiguration section */

/* Begin XCConfigurationList section */
		8AD9F3C524D61DF60097D88B /* Build configuration list for PBXProject "Animal Food" */ = {
			isa = XCConfigurationList;
			buildConfigurations = (
				8AD9F3DC24D61DF80097D88B /* Debug */,
				8AD9F3DD24D61DF80097D88B /* Release */,
			);
			defaultConfigurationIsVisible = 0;
			defaultConfigurationName = Release;
		};
		8AD9F3DE24D61DF80097D88B /* Build configuration list for PBXNativeTarget "Animal Food" */ = {
			isa = XCConfigurationList;
			buildConfigurations = (
				8AD9F3DF24D61DF80097D88B /* Debug */,
				8AD9F3E024D61DF80097D88B /* Release */,
			);
			defaultConfigurationIsVisible = 0;
			defaultConfigurationName = Release;
		};
/* End XCConfigurationList section */
	};
	rootObject = 8AD9F3C224D61DF60097D88B /* Project object */;
}
